
Microsoft Visual Studio Solution File, Format Version 12.00
# Visual Studio Version 16
VisualStudioVersion = 16.0.31515.178
MinimumVisualStudioVersion = 10.0.40219.1
Project("{9A19103F-16F7-4668-BE54-9A1E7A4F7556}") = "FormSync", "CacheSync\FormSync.csproj", "{6AF77975-A44C-447C-B85F-D4923BA0E68A}"
EndProject
Global
	GlobalSection(SolutionConfigurationPlatforms) = preSolution
		Debug|Any CPU = Debug|Any CPU
		Release|Any CPU = Release|Any CPU
	EndGlobalSection
	GlobalSection(ProjectConfigurationPlatforms) = postSolution
		{6AF77975-A44C-447C-B85F-D4923BA0E68A}.Debug|Any CPU.ActiveCfg = Debug|Any CPU
		{6AF77975-A44C-447C-B85F-D4923BA0E68A}.Debug|Any CPU.Build.0 = Debug|Any CPU
		{6AF77975-A44C-447C-B85F-D4923BA0E68A}.Release|Any CPU.ActiveCfg = Release|Any CPU
		{6AF77975-A44C-447C-B85F-D4923BA0E68A}.Release|Any CPU.Build.0 = Release|Any CPU
	EndGlobalSection
	GlobalSection(SolutionProperties) = preSolution
		HideSolutionNode = FALSE
	EndGlobalSection
	GlobalSection(ExtensibilityGlobals) = postSolution
		SolutionGuid = {0B5D878D-90F0-466B-99C1-EC64A453C663}
	EndGlobalSection
EndGlobal
